// !$*UTF8*$!
{
	archiveVersion = 1;
	classes = {
	};
	objectVersion = 46;
	objects = {

/* Begin PBXBuildFile section */
		123D408717FA36DF00D4AC13 /* main.cpp in Sources */ = {isa = PBXBuildFile; fileRef = 123D408617FA36DF00D4AC13 /* main.cpp */; };
		123D408917FA36DF00D4AC13 /* TestConcurency11.1 in CopyFiles */ = {isa = PBXBuildFile; fileRef = 123D408817FA36DF00D4AC13 /* TestConcurency11.1 */; };
		12BF322F17FBD2FD0096C05E /* T0.cpp in Sources */ = {isa = PBXBuildFile; fileRef = 12BF322D17FBD2FD0096C05E /* T0.cpp */; };
/* End PBXBuildFile section */

/* Begin PBXCopyFilesBuildPhase section */
		123D408117FA36DF00D4AC13 /* CopyFiles */ = {
			isa = PBXCopyFilesBuildPhase;
			buildActionMask = 2147483647;
			dstPath = /usr/share/man/man1/;
			dstSubfolderSpec = 0;
			files = (
				123D408917FA36DF00D4AC13 /* TestConcurency11.1 in CopyFiles */,
			);
			runOnlyForDeploymentPostprocessing = 1;
		};
/* End PBXCopyFilesBuildPhase section */

/* Begin PBXFileReference section */
		123D408317FA36DF00D4AC13 /* TestConcurency11 */ = {isa = PBXFileReference; explicitFileType = "compiled.mach-o.executable"; includeInIndex = 0; path = TestConcurency11; sourceTree = BUILT_PRODUCTS_DIR; };
		123D408617FA36DF00D4AC13 /* main.cpp */ = {isa = PBXFileReference; lastKnownFileType = sourcecode.cpp.cpp; path = main.cpp; sourceTree = "<group>"; };
		123D408817FA36DF00D4AC13 /* TestConcurency11.1 */ = {isa = PBXFileReference; lastKnownFileType = text.man; path = TestConcurency11.1; sourceTree = "<group>"; };
		12BF322D17FBD2FD0096C05E /* T0.cpp */ = {isa = PBXFileReference; fileEncoding = 4; lastKnownFileType = sourcecode.cpp.cpp; path = T0.cpp; sourceTree = "<group>"; };
		12BF322E17FBD2FD0096C05E /* T0.h */ = {isa = PBXFileReference; fileEncoding = 4; lastKnownFileType = sourcecode.c.h; path = T0.h; sourceTree = "<group>"; };
/* End PBXFileReference section */

/* Begin PBXFrameworksBuildPhase section */
		123D408017FA36DF00D4AC13 /* Frameworks */ = {
			isa = PBXFrameworksBuildPhase;
			buildActionMask = 2147483647;
			files = (
			);
			runOnlyForDeploymentPostprocessing = 0;
		};
/* End PBXFrameworksBuildPhase section */

/* Begin PBXGroup section */
		123D407A17FA36DF00D4AC13 = {
			isa = PBXGroup;
			children = (
				123D408517FA36DF00D4AC13 /* TestConcurency11 */,
				123D408417FA36DF00D4AC13 /* Products */,
			);
			sourceTree = "<group>";
		};
		123D408417FA36DF00D4AC13 /* Products */ = {
			isa = PBXGroup;
			children = (
				123D408317FA36DF00D4AC13 /* TestConcurency11 */,
			);
			name = Products;
			sourceTree = "<group>";
		};
		123D408517FA36DF00D4AC13 /* TestConcurency11 */ = {
			isa = PBXGroup;
			children = (
				123D408617FA36DF00D4AC13 /* main.cpp */,
				123D408817FA36DF00D4AC13 /* TestConcurency11.1 */,
				12BF322D17FBD2FD0096C05E /* T0.cpp */,
				12BF322E17FBD2FD0096C05E /* T0.h */,
			);
			path = TestConcurency11;
			sourceTree = "<group>";
		};
/* End PBXGroup section */

/* Begin PBXNativeTarget section */
		123D408217FA36DF00D4AC13 /* TestConcurency11 */ = {
			isa = PBXNativeTarget;
			buildConfigurationList = 123D408C17FA36DF00D4AC13 /* Build configuration list for PBXNativeTarget "TestConcurency11" */;
			buildPhases = (
				123D407F17FA36DF00D4AC13 /* Sources */,
				123D408017FA36DF00D4AC13 /* Frameworks */,
				123D408117FA36DF00D4AC13 /* CopyFiles */,
			);
			buildRules = (
			);
			dependencies = (
			);
			name = TestConcurency11;
			productName = TestConcurency11;
			productReference = 123D408317FA36DF00D4AC13 /* TestConcurency11 */;
			productType = "com.apple.product-type.tool";
		};
/* End PBXNativeTarget section */

/* Begin PBXProject section */
		123D407B17FA36DF00D4AC13 /* Project object */ = {
			isa = PBXProject;
			attributes = {
				LastUpgradeCheck = 0460;
				ORGANIZATIONNAME = "Kaven Feng";
			};
			buildConfigurationList = 123D407E17FA36DF00D4AC13 /* Build configuration list for PBXProject "TestConcurency11" */;
			compatibilityVersion = "Xcode 3.2";
			developmentRegion = English;
			hasScannedForEncodings = 0;
			knownRegions = (
				en,
			);
			mainGroup = 123D407A17FA36DF00D4AC13;
			productRefGroup = 123D408417FA36DF00D4AC13 /* Products */;
			projectDirPath = "";
			projectRoot = "";
			targets = (
				123D408217FA36DF00D4AC13 /* TestConcurency11 */,
			);
		};
/* End PBXProject section */

/* Begin PBXSourcesBuildPhase section */
		123D407F17FA36DF00D4AC13 /* Sources */ = {
			isa = PBXSourcesBuildPhase;
			buildActionMask = 2147483647;
			files = (
				123D408717FA36DF00D4AC13 /* main.cpp in Sources */,
				12BF322F17FBD2FD0096C05E /* T0.cpp in Sources */,
			);
			runOnlyForDeploymentPostprocessing = 0;
		};
/* End PBXSourcesBuildPhase section */

/* Begin XCBuildConfiguration section */
		123D408A17FA36DF00D4AC13 /* Debug */ = {
			isa = XCBuildConfiguration;
			buildSettings = {
				ALWAYS_SEARCH_USER_PATHS = NO;
				ARCHS = "$(ARCHS_STANDARD_64_BIT)";
				CLANG_CXX_LANGUAGE_STANDARD = "gnu++0x";
				CLANG_CXX_LIBRARY = "libc++";
				CLANG_WARN_CONSTANT_CONVERSION = YES;
				CLANG_WARN_EMPTY_BODY = YES;
				CLANG_WARN_ENUM_CONVERSION = YES;
				CLANG_WARN_INT_CONVERSION = YES;
				CLANG_WARN__DUPLICATE_METHOD_MATCH = YES;
				COPY_PHASE_STRIP = NO;
				GCC_C_LANGUAGE_STANDARD = gnu99;
				GCC_DYNAMIC_NO_PIC = NO;
				GCC_ENABLE_OBJC_EXCEPTIONS = YES;
				GCC_OPTIMIZATION_LEVEL = 0;
				GCC_PREPROCESSOR_DEFINITIONS = (
					"DEBUG=1",
					"$(inherited)",
				);
				GCC_SYMBOLS_PRIVATE_EXTERN = NO;
				GCC_WARN_64_TO_32_BIT_CONVERSION = YES;
				GCC_WARN_ABOUT_RETURN_TYPE = YES;
				GCC_WARN_UNINITIALIZED_AUTOS = YES;
				GCC_WARN_UNUSED_VARIABLE = YES;
				MACOSX_DEPLOYMENT_TARGET = 10.8;
				ONLY_ACTIVE_ARCH = YES;
				SDKROOT = macosx;
			};
			name = Debug;
		};
		123D408B17FA36DF00D4AC13 /* Release */ = {
			isa = XCBuildConfiguration;
			buildSettings = {
				ALWAYS_SEARCH_USER_PATHS = NO;
				ARCHS = "$(ARCHS_STANDARD_64_BIT)";
				CLANG_CXX_LANGUAGE_STANDARD = "gnu++0x";
				CLANG_CXX_LIBRARY = "libc++";
				CLANG_WARN_CONSTANT_CONVERSION = YES;
				CLANG_WARN_EMPTY_BODY = YES;
				CLANG_WARN_ENUM_CONVERSION = YES;
				CLANG_WARN_INT_CONVERSION = YES;
				CLANG_WARN__DUPLICATE_METHOD_MATCH = YES;
				COPY_PHASE_STRIP = YES;
				DEBUG_INFORMATION_FORMAT = "dwarf-with-dsym";
				GCC_C_LANGUAGE_STANDARD = gnu99;
				GCC_ENABLE_OBJC_EXCEPTIONS = YES;
				GCC_WARN_64_TO_32_BIT_CONVERSION = YES;
				GCC_WARN_ABOUT_RETURN_TYPE = YES;
				GCC_WARN_UNINITIALIZED_AUTOS = YES;
				GCC_WARN_UNUSED_VARIABLE = YES;
				MACOSX_DEPLOYMENT_TARGET = 10.8;
				SDKROOT = macosx;
			};
			name = Release;
		};
		123D408D17FA36DF00D4AC13 /* Debug */ = {
			isa = XCBuildConfiguration;
			buildSettings = {
				PRODUCT_NAME = "$(TARGET_NAME)";
			};
			name = Debug;
		};
		123D408E17FA36DF00D4AC13 /* Release */ = {
			isa = XCBuildConfiguration;
			buildSettings = {
				PRODUCT_NAME = "$(TARGET_NAME)";
			};
			name = Release;
		};
/* End XCBuildConfiguration section */

/* Begin XCConfigurationList section */
		123D407E17FA36DF00D4AC13 /* Build configuration list for PBXProject "TestConcurency11" */ = {
			isa = XCConfigurationList;
			buildConfigurations = (
				123D408A17FA36DF00D4AC13 /* Debug */,
				123D408B17FA36DF00D4AC13 /* Release */,
			);
			defaultConfigurationIsVisible = 0;
			defaultConfigurationName = Release;
		};
		123D408C17FA36DF00D4AC13 /* Build configuration list for PBXNativeTarget "TestConcurency11" */ = {
			isa = XCConfigurationList;
			buildConfigurations = (
				123D408D17FA36DF00D4AC13 /* Debug */,
				123D408E17FA36DF00D4AC13 /* Release */,
			);
			defaultConfigurationIsVisible = 0;
			defaultConfigurationName = Release;
		};
/* End XCConfigurationList section */
	};
	rootObject = 123D407B17FA36DF00D4AC13 /* Project object */;
}
